
Microsoft Visual Studio Solution File, Format Version 12.00
# Visual Studio Version 17
VisualStudioVersion = 17.11.35222.181
MinimumVisualStudioVersion = 10.0.40219.1
Project("{FAE04EC0-301F-11D3-BF4B-00C04F79EFBC}") = "Exception Handling", "Exception Handling\Exception Handling.csproj", "{53D978D2-4B08-4590-86BC-B57393BEE79A}"
EndProject
Global
	GlobalSection(SolutionConfigurationPlatforms) = preSolution
		Debug|Any CPU = Debug|Any CPU
		Release|Any CPU = Release|Any CPU
	EndGlobalSection
	GlobalSection(ProjectConfigurationPlatforms) = postSolution
		{53D978D2-4B08-4590-86BC-B57393BEE79A}.Debug|Any CPU.ActiveCfg = Debug|Any CPU
		{53D978D2-4B08-4590-86BC-B57393BEE79A}.Debug|Any CPU.Build.0 = Debug|Any CPU
		{53D978D2-4B08-4590-86BC-B57393BEE79A}.Release|Any CPU.ActiveCfg = Release|Any CPU
		{53D978D2-4B08-4590-86BC-B57393BEE79A}.Release|Any CPU.Build.0 = Release|Any CPU
	EndGlobalSection
	GlobalSection(SolutionProperties) = preSolution
		HideSolutionNode = FALSE
	EndGlobalSection
	GlobalSection(ExtensibilityGlobals) = postSolution
		SolutionGuid = {56843B97-D35E-4D15-9CBA-D66E6BCA50E4}
	EndGlobalSection
EndGlobal
